
Microsoft Visual Studio Solution File, Format Version 12.00
# Visual Studio Version 16
VisualStudioVersion = 16.0.31515.178
MinimumVisualStudioVersion = 10.0.40219.1
Project("{9A19103F-16F7-4668-BE54-9A1E7A4F7556}") = "Zadatak.MiniWebShop.Model", "Zadatak.MiniWebShop.Model\Zadatak.MiniWebShop.Model.csproj", "{75DFA658-C978-48A2-98B1-784290D9DC5E}"
EndProject
Project("{FAE04EC0-301F-11D3-BF4B-00C04F79EFBC}") = "Zadatak.MiniWebShop.API", "Zadatak.MiniWebShop.API\Zadatak.MiniWebShop.API.csproj", "{C83988CF-A72E-4C0D-A0D0-EE1F8DE66B0B}"
EndProject
Global
	GlobalSection(SolutionConfigurationPlatforms) = preSolution
		Debug|Any CPU = Debug|Any CPU
		Release|Any CPU = Release|Any CPU
	EndGlobalSection
	GlobalSection(ProjectConfigurationPlatforms) = postSolution
		{75DFA658-C978-48A2-98B1-784290D9DC5E}.Debug|Any CPU.ActiveCfg = Debug|Any CPU
		{75DFA658-C978-48A2-98B1-784290D9DC5E}.Debug|Any CPU.Build.0 = Debug|Any CPU
		{75DFA658-C978-48A2-98B1-784290D9DC5E}.Release|Any CPU.ActiveCfg = Release|Any CPU
		{75DFA658-C978-48A2-98B1-784290D9DC5E}.Release|Any CPU.Build.0 = Release|Any CPU
		{C83988CF-A72E-4C0D-A0D0-EE1F8DE66B0B}.Debug|Any CPU.ActiveCfg = Debug|Any CPU
		{C83988CF-A72E-4C0D-A0D0-EE1F8DE66B0B}.Debug|Any CPU.Build.0 = Debug|Any CPU
		{C83988CF-A72E-4C0D-A0D0-EE1F8DE66B0B}.Release|Any CPU.ActiveCfg = Release|Any CPU
		{C83988CF-A72E-4C0D-A0D0-EE1F8DE66B0B}.Release|Any CPU.Build.0 = Release|Any CPU
	EndGlobalSection
	GlobalSection(SolutionProperties) = preSolution
		HideSolutionNode = FALSE
	EndGlobalSection
	GlobalSection(ExtensibilityGlobals) = postSolution
		SolutionGuid = {70765051-2FE1-47E3-ABE0-2BB768106D55}
	EndGlobalSection
EndGlobal
